
Microsoft Visual Studio Solution File, Format Version 12.00
# Visual Studio Version 17
VisualStudioVersion = 17.6.33815.320
MinimumVisualStudioVersion = 10.0.40219.1
Project("{FAE04EC0-301F-11D3-BF4B-00C04F79EFBC}") = "Week1- LibraryManagement", "Week1- LibraryManagement\Week1- LibraryManagement.csproj", "{FC514839-F428-4947-B656-5A2D86FFCB00}"
EndProject
Global
	GlobalSection(SolutionConfigurationPlatforms) = preSolution
		Debug|Any CPU = Debug|Any CPU
		Release|Any CPU = Release|Any CPU
	EndGlobalSection
	GlobalSection(ProjectConfigurationPlatforms) = postSolution
		{FC514839-F428-4947-B656-5A2D86FFCB00}.Debug|Any CPU.ActiveCfg = Debug|Any CPU
		{FC514839-F428-4947-B656-5A2D86FFCB00}.Debug|Any CPU.Build.0 = Debug|Any CPU
		{FC514839-F428-4947-B656-5A2D86FFCB00}.Release|Any CPU.ActiveCfg = Release|Any CPU
		{FC514839-F428-4947-B656-5A2D86FFCB00}.Release|Any CPU.Build.0 = Release|Any CPU
	EndGlobalSection
	GlobalSection(SolutionProperties) = preSolution
		HideSolutionNode = FALSE
	EndGlobalSection
	GlobalSection(ExtensibilityGlobals) = postSolution
		SolutionGuid = {807DF4E5-7BCC-4D0C-9D23-2B9AA4339B4B}
	EndGlobalSection
EndGlobal
