
Microsoft Visual Studio Solution File, Format Version 12.00
# Visual Studio Version 17
VisualStudioVersion = 17.6.33815.320
MinimumVisualStudioVersion = 10.0.40219.1
Project("{FAE04EC0-301F-11D3-BF4B-00C04F79EFBC}") = "Day2Exe2", "Day2Exe2\Day2Exe2.csproj", "{4F205474-FB06-4C76-85C4-C2405941E959}"
EndProject
Global
	GlobalSection(SolutionConfigurationPlatforms) = preSolution
		Debug|Any CPU = Debug|Any CPU
		Release|Any CPU = Release|Any CPU
	EndGlobalSection
	GlobalSection(ProjectConfigurationPlatforms) = postSolution
		{4F205474-FB06-4C76-85C4-C2405941E959}.Debug|Any CPU.ActiveCfg = Debug|Any CPU
		{4F205474-FB06-4C76-85C4-C2405941E959}.Debug|Any CPU.Build.0 = Debug|Any CPU
		{4F205474-FB06-4C76-85C4-C2405941E959}.Release|Any CPU.ActiveCfg = Release|Any CPU
		{4F205474-FB06-4C76-85C4-C2405941E959}.Release|Any CPU.Build.0 = Release|Any CPU
	EndGlobalSection
	GlobalSection(SolutionProperties) = preSolution
		HideSolutionNode = FALSE
	EndGlobalSection
	GlobalSection(ExtensibilityGlobals) = postSolution
		SolutionGuid = {5995AAC8-5275-418C-8511-9C5D76AE3DA5}
	EndGlobalSection
EndGlobal
