
Microsoft Visual Studio Solution File, Format Version 12.00
# Visual Studio Version 17
VisualStudioVersion = 17.6.33815.320
MinimumVisualStudioVersion = 10.0.40219.1
Project("{FAE04EC0-301F-11D3-BF4B-00C04F79EFBC}") = "Day4Exe5", "Day4Exe5\Day4Exe5.csproj", "{701594A2-E6B6-41EA-823B-A331194EA831}"
EndProject
Global
	GlobalSection(SolutionConfigurationPlatforms) = preSolution
		Debug|Any CPU = Debug|Any CPU
		Release|Any CPU = Release|Any CPU
	EndGlobalSection
	GlobalSection(ProjectConfigurationPlatforms) = postSolution
		{701594A2-E6B6-41EA-823B-A331194EA831}.Debug|Any CPU.ActiveCfg = Debug|Any CPU
		{701594A2-E6B6-41EA-823B-A331194EA831}.Debug|Any CPU.Build.0 = Debug|Any CPU
		{701594A2-E6B6-41EA-823B-A331194EA831}.Release|Any CPU.ActiveCfg = Release|Any CPU
		{701594A2-E6B6-41EA-823B-A331194EA831}.Release|Any CPU.Build.0 = Release|Any CPU
	EndGlobalSection
	GlobalSection(SolutionProperties) = preSolution
		HideSolutionNode = FALSE
	EndGlobalSection
	GlobalSection(ExtensibilityGlobals) = postSolution
		SolutionGuid = {260EF362-FDDD-4044-822A-2ACBC66416E0}
	EndGlobalSection
EndGlobal
